
Microsoft Visual Studio Solution File, Format Version 12.00
# Visual Studio Version 16
VisualStudioVersion = 16.0.30011.22
MinimumVisualStudioVersion = 10.0.40219.1
Project("{9A19103F-16F7-4668-BE54-9A1E7A4F7556}") = "AgrariaSurvey", "AgrariaSurvey\AgrariaSurvey.csproj", "{344E73B7-6D7F-4C93-9F91-06711505067A}"
EndProject
Global
	GlobalSection(SolutionConfigurationPlatforms) = preSolution
		Debug|Any CPU = Debug|Any CPU
		Release|Any CPU = Release|Any CPU
	EndGlobalSection
	GlobalSection(ProjectConfigurationPlatforms) = postSolution
		{344E73B7-6D7F-4C93-9F91-06711505067A}.Debug|Any CPU.ActiveCfg = Debug|Any CPU
		{344E73B7-6D7F-4C93-9F91-06711505067A}.Debug|Any CPU.Build.0 = Debug|Any CPU
		{344E73B7-6D7F-4C93-9F91-06711505067A}.Release|Any CPU.ActiveCfg = Release|Any CPU
		{344E73B7-6D7F-4C93-9F91-06711505067A}.Release|Any CPU.Build.0 = Release|Any CPU
	EndGlobalSection
	GlobalSection(SolutionProperties) = preSolution
		HideSolutionNode = FALSE
	EndGlobalSection
	GlobalSection(ExtensibilityGlobals) = postSolution
		SolutionGuid = {3D28C748-A9B4-463F-B432-251F213743A5}
	EndGlobalSection
EndGlobal
